
Microsoft Visual Studio Solution File, Format Version 12.00
# Visual Studio Version 17
VisualStudioVersion = 17.11.35327.3
MinimumVisualStudioVersion = 10.0.40219.1
Project("{FAE04EC0-301F-11D3-BF4B-00C04F79EFBC}") = "Bills Payment", "Bills Payment.csproj", "{D891E4AB-A886-49D4-81EE-39F154D9BA95}"
EndProject
Project("{FAE04EC0-301F-11D3-BF4B-00C04F79EFBC}") = "BPModels", "..\BPModels\BPModels.csproj", "{DCB32ACE-91DA-4307-A9E0-A975BE409538}"
EndProject
Project("{FAE04EC0-301F-11D3-BF4B-00C04F79EFBC}") = "BPDataService", "..\BPDataService\BPDataService.csproj", "{6AED8ACB-66C1-4D32-AB5F-B9330753C0B1}"
EndProject
Project("{FAE04EC0-301F-11D3-BF4B-00C04F79EFBC}") = "BPAppService", "..\BPAppService\BPAppService.csproj", "{4E2AD198-BD5B-4C78-987D-EA5304EAEA67}"
EndProject
Global
	GlobalSection(SolutionConfigurationPlatforms) = preSolution
		Debug|Any CPU = Debug|Any CPU
		Release|Any CPU = Release|Any CPU
	EndGlobalSection
	GlobalSection(ProjectConfigurationPlatforms) = postSolution
		{D891E4AB-A886-49D4-81EE-39F154D9BA95}.Debug|Any CPU.ActiveCfg = Debug|Any CPU
		{D891E4AB-A886-49D4-81EE-39F154D9BA95}.Debug|Any CPU.Build.0 = Debug|Any CPU
		{D891E4AB-A886-49D4-81EE-39F154D9BA95}.Release|Any CPU.ActiveCfg = Release|Any CPU
		{D891E4AB-A886-49D4-81EE-39F154D9BA95}.Release|Any CPU.Build.0 = Release|Any CPU
		{DCB32ACE-91DA-4307-A9E0-A975BE409538}.Debug|Any CPU.ActiveCfg = Debug|Any CPU
		{DCB32ACE-91DA-4307-A9E0-A975BE409538}.Debug|Any CPU.Build.0 = Debug|Any CPU
		{DCB32ACE-91DA-4307-A9E0-A975BE409538}.Release|Any CPU.ActiveCfg = Release|Any CPU
		{DCB32ACE-91DA-4307-A9E0-A975BE409538}.Release|Any CPU.Build.0 = Release|Any CPU
		{6AED8ACB-66C1-4D32-AB5F-B9330753C0B1}.Debug|Any CPU.ActiveCfg = Debug|Any CPU
		{6AED8ACB-66C1-4D32-AB5F-B9330753C0B1}.Debug|Any CPU.Build.0 = Debug|Any CPU
		{6AED8ACB-66C1-4D32-AB5F-B9330753C0B1}.Release|Any CPU.ActiveCfg = Release|Any CPU
		{6AED8ACB-66C1-4D32-AB5F-B9330753C0B1}.Release|Any CPU.Build.0 = Release|Any CPU
		{4E2AD198-BD5B-4C78-987D-EA5304EAEA67}.Debug|Any CPU.ActiveCfg = Debug|Any CPU
		{4E2AD198-BD5B-4C78-987D-EA5304EAEA67}.Debug|Any CPU.Build.0 = Debug|Any CPU
		{4E2AD198-BD5B-4C78-987D-EA5304EAEA67}.Release|Any CPU.ActiveCfg = Release|Any CPU
		{4E2AD198-BD5B-4C78-987D-EA5304EAEA67}.Release|Any CPU.Build.0 = Release|Any CPU
	EndGlobalSection
	GlobalSection(SolutionProperties) = preSolution
		HideSolutionNode = FALSE
	EndGlobalSection
	GlobalSection(ExtensibilityGlobals) = postSolution
		SolutionGuid = {5B1E4FF3-33C6-4C62-B520-1883FDB2B3C9}
	EndGlobalSection
EndGlobal
